{
    "_readme": [
        "This file locks the dependencies of your project to a known state",
        "Read more about it at https://getcomposer.org/doc/01-basic-usage.md#installing-dependencies",
        "This file is @generated automatically"
    ],
    "content-hash": "fda342770f1e900d7ba7ed782000e690",
    "packages": [
        {
            "name": "jefferson49/webtrees-common",
            "version": "1.2.16",
            "source": {
                "type": "git",
                "url": "https://github.com/Jefferson49/webtrees-common.git",
                "reference": "b6d7a9aa01d9ca1c052d8884fd7af1407c0f1244"
            },
            "require": {
                "php": ">=7.4"
            },
            "type": "library",
            "license": [
                "GPL-3.0"
            ],
            "description": "Library to share common code between webtrees custom modules",
            "keywords": [
                "custom-module",
                "webtrees",
                "webtrees-module"
            ],
            "time": "2025-08-12T16:57:09+00:00"
        }
    ],
    "packages-dev": [],
    "aliases": [],
    "minimum-stability": "stable",
    "stability-flags": {},
    "prefer-stable": false,
    "prefer-lowest": false,
    "platform": {},
    "platform-dev": {},
    "plugin-api-version": "2.6.0"
}
